{
    "name": "all-patterns",
    "version": "1.0.0",
    "lockfileVersion": 3,
    "requires": true,
    "packages": {
        "": {
            "name": "all-patterns",
            "version": "1.0.0",
            "devDependencies": {
                "eslint-plugin-security-node": "1.1.4"
            }
        },
        "node_modules/eslint-plugin-security-node": {
            "version": "1.1.4",
            "resolved": "https://registry.npmjs.org/eslint-plugin-security-node/-/eslint-plugin-security-node-1.1.4.tgz",
            "integrity": "sha512-8+agTMb2glNbP1zFhqo/Ixwtz16Hn0TvJW5KgpoHkAzGjDUhQf9iT+D6OgbhvZCMWRKMjc+5FbJ2Lh0UEUz7fQ==",
            "dev": true,
            "engines": {
                "node": ">=0.10.0"
            }
        }
    }
}
